
Microsoft Visual Studio Solution File, Format Version 12.00
# Visual Studio Version 16
VisualStudioVersion = 16.0.29326.143
MinimumVisualStudioVersion = 10.0.40219.1
Project("{FAE04EC0-301F-11D3-BF4B-00C04F79EFBC}") = "u3100289-web-a2", "u3100289-web-a2.csproj", "{9EC2866F-87FC-4B9F-A16B-26866801029B}"
EndProject
Global
	GlobalSection(SolutionConfigurationPlatforms) = preSolution
		Debug|Any CPU = Debug|Any CPU
		Release|Any CPU = Release|Any CPU
	EndGlobalSection
	GlobalSection(ProjectConfigurationPlatforms) = postSolution
		{9EC2866F-87FC-4B9F-A16B-26866801029B}.Debug|Any CPU.ActiveCfg = Debug|Any CPU
		{9EC2866F-87FC-4B9F-A16B-26866801029B}.Debug|Any CPU.Build.0 = Debug|Any CPU
		{9EC2866F-87FC-4B9F-A16B-26866801029B}.Release|Any CPU.ActiveCfg = Release|Any CPU
		{9EC2866F-87FC-4B9F-A16B-26866801029B}.Release|Any CPU.Build.0 = Release|Any CPU
	EndGlobalSection
	GlobalSection(SolutionProperties) = preSolution
		HideSolutionNode = FALSE
	EndGlobalSection
	GlobalSection(ExtensibilityGlobals) = postSolution
		SolutionGuid = {9B50CFBB-C49C-4C75-A15A-B784A153C8CB}
	EndGlobalSection
EndGlobal
